// !$*UTF8*$!
{
	archiveVersion = 1;
	classes = {
	};
	objectVersion = 46;
	objects = {

/* Begin PBXBuildFile section */
		3E5399221587A07400355DF3 /* LoginWithFacebookNormal.png in Resources */ = {isa = PBXBuildFile; fileRef = 3E5399201587A07400355DF3 /* LoginWithFacebookNormal.png */; };
		3E5399231587A07400355DF3 /* LoginWithFacebookNormal@2x.png in Resources */ = {isa = PBXBuildFile; fileRef = 3E5399211587A07400355DF3 /* LoginWithFacebookNormal@2x.png */; };
		3E5399291587A55F00355DF3 /* LoginViewController.m in Sources */ = {isa = PBXBuildFile; fileRef = 3E5399281587A55E00355DF3 /* LoginViewController.m */; };
		3EB5FC40158790D7001B70E7 /* UIKit.framework in Frameworks */ = {isa = PBXBuildFile; fileRef = 3EB5FC3F158790D7001B70E7 /* UIKit.framework */; };
		3EB5FC42158790D7001B70E7 /* Foundation.framework in Frameworks */ = {isa = PBXBuildFile; fileRef = 3EB5FC41158790D7001B70E7 /* Foundation.framework */; };
		3EB5FC44158790D7001B70E7 /* CoreGraphics.framework in Frameworks */ = {isa = PBXBuildFile; fileRef = 3EB5FC43158790D7001B70E7 /* CoreGraphics.framework */; };
		3EB5FC4A158790D7001B70E7 /* InfoPlist.strings in Resources */ = {isa = PBXBuildFile; fileRef = 3EB5FC48158790D7001B70E7 /* InfoPlist.strings */; };
		3EB5FC4C158790D7001B70E7 /* main.m in Sources */ = {isa = PBXBuildFile; fileRef = 3EB5FC4B158790D7001B70E7 /* main.m */; };
		3EB5FC50158790D7001B70E7 /* ReconnectAppDelegate.m in Sources */ = {isa = PBXBuildFile; fileRef = 3EB5FC4F158790D7001B70E7 /* ReconnectAppDelegate.m */; };
		3EB5FC53158790D7001B70E7 /* MainStoryboard.storyboard in Resources */ = {isa = PBXBuildFile; fileRef = 3EB5FC51158790D7001B70E7 /* MainStoryboard.storyboard */; };
		3EB5FCB81587981B001B70E7 /* FBDialog.bundle in Resources */ = {isa = PBXBuildFile; fileRef = 3EB5FCAB1587981B001B70E7 /* FBDialog.bundle */; };
		3EB5FCB91587981B001B70E7 /* libfacebook_ios_sdk.a in Frameworks */ = {isa = PBXBuildFile; fileRef = 3EB5FCB11587981B001B70E7 /* libfacebook_ios_sdk.a */; };
		F90E498315879E9E003C4D29 /* CompatibilityCell.m in Sources */ = {isa = PBXBuildFile; fileRef = F90E498215879E9E003C4D29 /* CompatibilityCell.m */; };
		F90E49891587A12B003C4D29 /* ReconnectNavigationController.m in Sources */ = {isa = PBXBuildFile; fileRef = F90E49881587A12B003C4D29 /* ReconnectNavigationController.m */; };
		F90E498C1587AB74003C4D29 /* Constants.m in Sources */ = {isa = PBXBuildFile; fileRef = F90E498B1587AB74003C4D29 /* Constants.m */; };
		F90E498F1587AC31003C4D29 /* CompatibilityTableViewController.m in Sources */ = {isa = PBXBuildFile; fileRef = F90E498E1587AC31003C4D29 /* CompatibilityTableViewController.m */; };
		F9C167A015882F8600FBAAFC /* ReconnectTabBarController.m in Sources */ = {isa = PBXBuildFile; fileRef = F9C1679F15882F8600FBAAFC /* ReconnectTabBarController.m */; };
/* End PBXBuildFile section */

/* Begin PBXFileReference section */
		3E5399201587A07400355DF3 /* LoginWithFacebookNormal.png */ = {isa = PBXFileReference; lastKnownFileType = image.png; path = LoginWithFacebookNormal.png; sourceTree = "<group>"; };
		3E5399211587A07400355DF3 /* LoginWithFacebookNormal@2x.png */ = {isa = PBXFileReference; lastKnownFileType = image.png; path = "LoginWithFacebookNormal@2x.png"; sourceTree = "<group>"; };
		3E5399271587A55E00355DF3 /* LoginViewController.h */ = {isa = PBXFileReference; fileEncoding = 4; lastKnownFileType = sourcecode.c.h; path = LoginViewController.h; sourceTree = "<group>"; };
		3E5399281587A55E00355DF3 /* LoginViewController.m */ = {isa = PBXFileReference; fileEncoding = 4; lastKnownFileType = sourcecode.c.objc; path = LoginViewController.m; sourceTree = "<group>"; };
		3EB5FC3B158790D7001B70E7 /* Reconnect.app */ = {isa = PBXFileReference; explicitFileType = wrapper.application; includeInIndex = 0; path = Reconnect.app; sourceTree = BUILT_PRODUCTS_DIR; };
		3EB5FC3F158790D7001B70E7 /* UIKit.framework */ = {isa = PBXFileReference; lastKnownFileType = wrapper.framework; name = UIKit.framework; path = System/Library/Frameworks/UIKit.framework; sourceTree = SDKROOT; };
		3EB5FC41158790D7001B70E7 /* Foundation.framework */ = {isa = PBXFileReference; lastKnownFileType = wrapper.framework; name = Foundation.framework; path = System/Library/Frameworks/Foundation.framework; sourceTree = SDKROOT; };
		3EB5FC43158790D7001B70E7 /* CoreGraphics.framework */ = {isa = PBXFileReference; lastKnownFileType = wrapper.framework; name = CoreGraphics.framework; path = System/Library/Frameworks/CoreGraphics.framework; sourceTree = SDKROOT; };
		3EB5FC47158790D7001B70E7 /* Reconnect-Info.plist */ = {isa = PBXFileReference; lastKnownFileType = text.plist.xml; path = "Reconnect-Info.plist"; sourceTree = "<group>"; };
		3EB5FC49158790D7001B70E7 /* en */ = {isa = PBXFileReference; lastKnownFileType = text.plist.strings; name = en; path = en.lproj/InfoPlist.strings; sourceTree = "<group>"; };
		3EB5FC4B158790D7001B70E7 /* main.m */ = {isa = PBXFileReference; lastKnownFileType = sourcecode.c.objc; path = main.m; sourceTree = "<group>"; };
		3EB5FC4D158790D7001B70E7 /* Reconnect-Prefix.pch */ = {isa = PBXFileReference; lastKnownFileType = sourcecode.c.h; path = "Reconnect-Prefix.pch"; sourceTree = "<group>"; };
		3EB5FC4E158790D7001B70E7 /* ReconnectAppDelegate.h */ = {isa = PBXFileReference; lastKnownFileType = sourcecode.c.h; path = ReconnectAppDelegate.h; sourceTree = "<group>"; };
		3EB5FC4F158790D7001B70E7 /* ReconnectAppDelegate.m */ = {isa = PBXFileReference; lastKnownFileType = sourcecode.c.objc; path = ReconnectAppDelegate.m; sourceTree = "<group>"; };
		3EB5FC52158790D7001B70E7 /* en */ = {isa = PBXFileReference; lastKnownFileType = file.storyboard; name = en; path = en.lproj/MainStoryboard.storyboard; sourceTree = "<group>"; };
		3EB5FCA91587981B001B70E7 /* Facebook.h */ = {isa = PBXFileReference; fileEncoding = 4; lastKnownFileType = sourcecode.c.h; path = Facebook.h; sourceTree = "<group>"; };
		3EB5FCAA1587981B001B70E7 /* FBConnect.h */ = {isa = PBXFileReference; fileEncoding = 4; lastKnownFileType = sourcecode.c.h; path = FBConnect.h; sourceTree = "<group>"; };
		3EB5FCAB1587981B001B70E7 /* FBDialog.bundle */ = {isa = PBXFileReference; lastKnownFileType = "wrapper.plug-in"; path = FBDialog.bundle; sourceTree = "<group>"; };
		3EB5FCAC1587981B001B70E7 /* FBDialog.h */ = {isa = PBXFileReference; fileEncoding = 4; lastKnownFileType = sourcecode.c.h; path = FBDialog.h; sourceTree = "<group>"; };
		3EB5FCAD1587981B001B70E7 /* FBFrictionlessRequestSettings.h */ = {isa = PBXFileReference; fileEncoding = 4; lastKnownFileType = sourcecode.c.h; path = FBFrictionlessRequestSettings.h; sourceTree = "<group>"; };
		3EB5FCAE1587981B001B70E7 /* FBLoginDialog.h */ = {isa = PBXFileReference; fileEncoding = 4; lastKnownFileType = sourcecode.c.h; path = FBLoginDialog.h; sourceTree = "<group>"; };
		3EB5FCAF1587981B001B70E7 /* FBRequest.h */ = {isa = PBXFileReference; fileEncoding = 4; lastKnownFileType = sourcecode.c.h; path = FBRequest.h; sourceTree = "<group>"; };
		3EB5FCB01587981B001B70E7 /* JSON.h */ = {isa = PBXFileReference; fileEncoding = 4; lastKnownFileType = sourcecode.c.h; path = JSON.h; sourceTree = "<group>"; };
		3EB5FCB11587981B001B70E7 /* libfacebook_ios_sdk.a */ = {isa = PBXFileReference; lastKnownFileType = archive.ar; path = libfacebook_ios_sdk.a; sourceTree = "<group>"; };
		3EB5FCB21587981B001B70E7 /* NSObject+SBJSON.h */ = {isa = PBXFileReference; fileEncoding = 4; lastKnownFileType = sourcecode.c.h; path = "NSObject+SBJSON.h"; sourceTree = "<group>"; };
		3EB5FCB31587981B001B70E7 /* NSString+SBJSON.h */ = {isa = PBXFileReference; fileEncoding = 4; lastKnownFileType = sourcecode.c.h; path = "NSString+SBJSON.h"; sourceTree = "<group>"; };
		3EB5FCB41587981B001B70E7 /* SBJSON.h */ = {isa = PBXFileReference; fileEncoding = 4; lastKnownFileType = sourcecode.c.h; path = SBJSON.h; sourceTree = "<group>"; };
		3EB5FCB51587981B001B70E7 /* SBJsonBase.h */ = {isa = PBXFileReference; fileEncoding = 4; lastKnownFileType = sourcecode.c.h; path = SBJsonBase.h; sourceTree = "<group>"; };
		3EB5FCB61587981B001B70E7 /* SBJsonParser.h */ = {isa = PBXFileReference; fileEncoding = 4; lastKnownFileType = sourcecode.c.h; path = SBJsonParser.h; sourceTree = "<group>"; };
		3EB5FCB71587981B001B70E7 /* SBJsonWriter.h */ = {isa = PBXFileReference; fileEncoding = 4; lastKnownFileType = sourcecode.c.h; path = SBJsonWriter.h; sourceTree = "<group>"; };
		F90E498115879E9E003C4D29 /* CompatibilityCell.h */ = {isa = PBXFileReference; fileEncoding = 4; lastKnownFileType = sourcecode.c.h; name = CompatibilityCell.h; path = Reconnect/CompatibilityCell.h; sourceTree = "<group>"; };
		F90E498215879E9E003C4D29 /* CompatibilityCell.m */ = {isa = PBXFileReference; fileEncoding = 4; lastKnownFileType = sourcecode.c.objc; name = CompatibilityCell.m; path = Reconnect/CompatibilityCell.m; sourceTree = "<group>"; };
		F90E49871587A12B003C4D29 /* ReconnectNavigationController.h */ = {isa = PBXFileReference; fileEncoding = 4; lastKnownFileType = sourcecode.c.h; path = ReconnectNavigationController.h; sourceTree = "<group>"; };
		F90E49881587A12B003C4D29 /* ReconnectNavigationController.m */ = {isa = PBXFileReference; fileEncoding = 4; lastKnownFileType = sourcecode.c.objc; path = ReconnectNavigationController.m; sourceTree = "<group>"; };
		F90E498A1587AAE8003C4D29 /* Constants.h */ = {isa = PBXFileReference; fileEncoding = 4; lastKnownFileType = sourcecode.c.h; path = Constants.h; sourceTree = "<group>"; };
		F90E498B1587AB74003C4D29 /* Constants.m */ = {isa = PBXFileReference; fileEncoding = 4; lastKnownFileType = sourcecode.c.objc; path = Constants.m; sourceTree = "<group>"; };
		F90E498D1587AC31003C4D29 /* CompatibilityTableViewController.h */ = {isa = PBXFileReference; fileEncoding = 4; lastKnownFileType = sourcecode.c.h; path = CompatibilityTableViewController.h; sourceTree = "<group>"; };
		F90E498E1587AC31003C4D29 /* CompatibilityTableViewController.m */ = {isa = PBXFileReference; fileEncoding = 4; lastKnownFileType = sourcecode.c.objc; path = CompatibilityTableViewController.m; sourceTree = "<group>"; };
		F9C1679E15882F8600FBAAFC /* ReconnectTabBarController.h */ = {isa = PBXFileReference; fileEncoding = 4; lastKnownFileType = sourcecode.c.h; path = ReconnectTabBarController.h; sourceTree = "<group>"; };
		F9C1679F15882F8600FBAAFC /* ReconnectTabBarController.m */ = {isa = PBXFileReference; fileEncoding = 4; lastKnownFileType = sourcecode.c.objc; path = ReconnectTabBarController.m; sourceTree = "<group>"; };
/* End PBXFileReference section */

/* Begin PBXFrameworksBuildPhase section */
		3EB5FC38158790D7001B70E7 /* Frameworks */ = {
			isa = PBXFrameworksBuildPhase;
			buildActionMask = 2147483647;
			files = (
				3EB5FC40158790D7001B70E7 /* UIKit.framework in Frameworks */,
				3EB5FC42158790D7001B70E7 /* Foundation.framework in Frameworks */,
				3EB5FC44158790D7001B70E7 /* CoreGraphics.framework in Frameworks */,
				3EB5FCB91587981B001B70E7 /* libfacebook_ios_sdk.a in Frameworks */,
			);
			runOnlyForDeploymentPostprocessing = 0;
		};
/* End PBXFrameworksBuildPhase section */

/* Begin PBXGroup section */
		3E53991E1587A06200355DF3 /* Resources */ = {
			isa = PBXGroup;
			children = (
				3E5399201587A07400355DF3 /* LoginWithFacebookNormal.png */,
				3E5399211587A07400355DF3 /* LoginWithFacebookNormal@2x.png */,
			);
			name = Resources;
			sourceTree = "<group>";
		};
		3EB5FC30158790D7001B70E7 = {
			isa = PBXGroup;
			children = (
				3EB5FC45158790D7001B70E7 /* Reconnect */,
				F90E49921587BA0B003C4D29 /* Resources */,
				F90E497F15879E7E003C4D29 /* Views */,
				3EB5FC3E158790D7001B70E7 /* Frameworks */,
				3EB5FC3C158790D7001B70E7 /* Products */,
			);
			sourceTree = "<group>";
		};
		3EB5FC3C158790D7001B70E7 /* Products */ = {
			isa = PBXGroup;
			children = (
				3EB5FC3B158790D7001B70E7 /* Reconnect.app */,
			);
			name = Products;
			sourceTree = "<group>";
		};
		3EB5FC3E158790D7001B70E7 /* Frameworks */ = {
			isa = PBXGroup;
			children = (
				3EB5FC3F158790D7001B70E7 /* UIKit.framework */,
				3EB5FC41158790D7001B70E7 /* Foundation.framework */,
				3EB5FC43158790D7001B70E7 /* CoreGraphics.framework */,
			);
			name = Frameworks;
			sourceTree = "<group>";
		};
		3EB5FC45158790D7001B70E7 /* Reconnect */ = {
			isa = PBXGroup;
			children = (
				3EB5FC51158790D7001B70E7 /* MainStoryboard.storyboard */,
				3EB5FC4E158790D7001B70E7 /* ReconnectAppDelegate.h */,
				3EB5FC4F158790D7001B70E7 /* ReconnectAppDelegate.m */,
				F9C1679E15882F8600FBAAFC /* ReconnectTabBarController.h */,
				F9C1679F15882F8600FBAAFC /* ReconnectTabBarController.m */,
				F90E49871587A12B003C4D29 /* ReconnectNavigationController.h */,
				F90E49881587A12B003C4D29 /* ReconnectNavigationController.m */,
				F90E498D1587AC31003C4D29 /* CompatibilityTableViewController.h */,
				F90E498E1587AC31003C4D29 /* CompatibilityTableViewController.m */,
				3E5399271587A55E00355DF3 /* LoginViewController.h */,
				3E5399281587A55E00355DF3 /* LoginViewController.m */,
				3EB5FC46158790D7001B70E7 /* Supporting Files */,
				3E53991E1587A06200355DF3 /* Resources */,
				3EB5FC681587972D001B70E7 /* Libraries */,
			);
			path = Reconnect;
			sourceTree = "<group>";
		};
		3EB5FC46158790D7001B70E7 /* Supporting Files */ = {
			isa = PBXGroup;
			children = (
				F90E498A1587AAE8003C4D29 /* Constants.h */,
				F90E498B1587AB74003C4D29 /* Constants.m */,
				3EB5FC4B158790D7001B70E7 /* main.m */,
				3EB5FC47158790D7001B70E7 /* Reconnect-Info.plist */,
				3EB5FC48158790D7001B70E7 /* InfoPlist.strings */,
				3EB5FC4D158790D7001B70E7 /* Reconnect-Prefix.pch */,
			);
			name = "Supporting Files";
			sourceTree = "<group>";
		};
		3EB5FC681587972D001B70E7 /* Libraries */ = {
			isa = PBXGroup;
			children = (
				3EB5FCA81587981B001B70E7 /* facebook-ios-sdk */,
			);
			name = Libraries;
			sourceTree = "<group>";
		};
		3EB5FCA81587981B001B70E7 /* facebook-ios-sdk */ = {
			isa = PBXGroup;
			children = (
				3EB5FCA91587981B001B70E7 /* Facebook.h */,
				3EB5FCAA1587981B001B70E7 /* FBConnect.h */,
				3EB5FCAB1587981B001B70E7 /* FBDialog.bundle */,
				3EB5FCAC1587981B001B70E7 /* FBDialog.h */,
				3EB5FCAD1587981B001B70E7 /* FBFrictionlessRequestSettings.h */,
				3EB5FCAE1587981B001B70E7 /* FBLoginDialog.h */,
				3EB5FCAF1587981B001B70E7 /* FBRequest.h */,
				3EB5FCB01587981B001B70E7 /* JSON.h */,
				3EB5FCB11587981B001B70E7 /* libfacebook_ios_sdk.a */,
				3EB5FCB21587981B001B70E7 /* NSObject+SBJSON.h */,
				3EB5FCB31587981B001B70E7 /* NSString+SBJSON.h */,
				3EB5FCB41587981B001B70E7 /* SBJSON.h */,
				3EB5FCB51587981B001B70E7 /* SBJsonBase.h */,
				3EB5FCB61587981B001B70E7 /* SBJsonParser.h */,
				3EB5FCB71587981B001B70E7 /* SBJsonWriter.h */,
			);
			path = "facebook-ios-sdk";
			sourceTree = SOURCE_ROOT;
		};
		F90E497F15879E7E003C4D29 /* Views */ = {
			isa = PBXGroup;
			children = (
				F90E498115879E9E003C4D29 /* CompatibilityCell.h */,
				F90E498215879E9E003C4D29 /* CompatibilityCell.m */,
			);
			name = Views;
			sourceTree = "<group>";
		};
		F90E49921587BA0B003C4D29 /* Resources */ = {
			isa = PBXGroup;
			children = (
			);
			name = Resources;
			sourceTree = "<group>";
		};
/* End PBXGroup section */

/* Begin PBXNativeTarget section */
		3EB5FC3A158790D7001B70E7 /* Reconnect */ = {
			isa = PBXNativeTarget;
			buildConfigurationList = 3EB5FC59158790D7001B70E7 /* Build configuration list for PBXNativeTarget "Reconnect" */;
			buildPhases = (
				3EB5FC37158790D7001B70E7 /* Sources */,
				3EB5FC38158790D7001B70E7 /* Frameworks */,
				3EB5FC39158790D7001B70E7 /* Resources */,
			);
			buildRules = (
			);
			dependencies = (
			);
			name = Reconnect;
			productName = Reconnect;
			productReference = 3EB5FC3B158790D7001B70E7 /* Reconnect.app */;
			productType = "com.apple.product-type.application";
		};
/* End PBXNativeTarget section */

/* Begin PBXProject section */
		3EB5FC32158790D7001B70E7 /* Project object */ = {
			isa = PBXProject;
			attributes = {
				CLASSPREFIX = Reconnect;
				LastUpgradeCheck = 0430;
				ORGANIZATIONNAME = Calimucho;
			};
			buildConfigurationList = 3EB5FC35158790D7001B70E7 /* Build configuration list for PBXProject "Reconnect" */;
			compatibilityVersion = "Xcode 3.2";
			developmentRegion = English;
			hasScannedForEncodings = 0;
			knownRegions = (
				en,
			);
			mainGroup = 3EB5FC30158790D7001B70E7;
			productRefGroup = 3EB5FC3C158790D7001B70E7 /* Products */;
			projectDirPath = "";
			projectRoot = "";
			targets = (
				3EB5FC3A158790D7001B70E7 /* Reconnect */,
			);
		};
/* End PBXProject section */

/* Begin PBXResourcesBuildPhase section */
		3EB5FC39158790D7001B70E7 /* Resources */ = {
			isa = PBXResourcesBuildPhase;
			buildActionMask = 2147483647;
			files = (
				3EB5FC4A158790D7001B70E7 /* InfoPlist.strings in Resources */,
				3EB5FC53158790D7001B70E7 /* MainStoryboard.storyboard in Resources */,
				3EB5FCB81587981B001B70E7 /* FBDialog.bundle in Resources */,
				3E5399221587A07400355DF3 /* LoginWithFacebookNormal.png in Resources */,
				3E5399231587A07400355DF3 /* LoginWithFacebookNormal@2x.png in Resources */,
			);
			runOnlyForDeploymentPostprocessing = 0;
		};
/* End PBXResourcesBuildPhase section */

/* Begin PBXSourcesBuildPhase section */
		3EB5FC37158790D7001B70E7 /* Sources */ = {
			isa = PBXSourcesBuildPhase;
			buildActionMask = 2147483647;
			files = (
				3EB5FC4C158790D7001B70E7 /* main.m in Sources */,
				3EB5FC50158790D7001B70E7 /* ReconnectAppDelegate.m in Sources */,
				F90E498315879E9E003C4D29 /* CompatibilityCell.m in Sources */,
				F90E49891587A12B003C4D29 /* ReconnectNavigationController.m in Sources */,
				F90E498C1587AB74003C4D29 /* Constants.m in Sources */,
				F90E498F1587AC31003C4D29 /* CompatibilityTableViewController.m in Sources */,
				3E5399291587A55F00355DF3 /* LoginViewController.m in Sources */,
				F9C167A015882F8600FBAAFC /* ReconnectTabBarController.m in Sources */,
			);
			runOnlyForDeploymentPostprocessing = 0;
		};
/* End PBXSourcesBuildPhase section */

/* Begin PBXVariantGroup section */
		3EB5FC48158790D7001B70E7 /* InfoPlist.strings */ = {
			isa = PBXVariantGroup;
			children = (
				3EB5FC49158790D7001B70E7 /* en */,
			);
			name = InfoPlist.strings;
			sourceTree = "<group>";
		};
		3EB5FC51158790D7001B70E7 /* MainStoryboard.storyboard */ = {
			isa = PBXVariantGroup;
			children = (
				3EB5FC52158790D7001B70E7 /* en */,
			);
			name = MainStoryboard.storyboard;
			sourceTree = "<group>";
		};
/* End PBXVariantGroup section */

/* Begin XCBuildConfiguration section */
		3EB5FC57158790D7001B70E7 /* Debug */ = {
			isa = XCBuildConfiguration;
			buildSettings = {
				ALWAYS_SEARCH_USER_PATHS = NO;
				ARCHS = "$(ARCHS_STANDARD_32_BIT)";
				CLANG_ENABLE_OBJC_ARC = YES;
				"CODE_SIGN_IDENTITY[sdk=iphoneos*]" = "iPhone Developer";
				COPY_PHASE_STRIP = NO;
				GCC_C_LANGUAGE_STANDARD = gnu99;
				GCC_DYNAMIC_NO_PIC = NO;
				GCC_OPTIMIZATION_LEVEL = 0;
				GCC_PREPROCESSOR_DEFINITIONS = (
					"DEBUG=1",
					"$(inherited)",
				);
				GCC_SYMBOLS_PRIVATE_EXTERN = NO;
				GCC_VERSION = com.apple.compilers.llvm.clang.1_0;
				GCC_WARN_ABOUT_RETURN_TYPE = YES;
				GCC_WARN_UNINITIALIZED_AUTOS = YES;
				GCC_WARN_UNUSED_VARIABLE = YES;
				IPHONEOS_DEPLOYMENT_TARGET = 5.1;
				SDKROOT = iphoneos;
			};
			name = Debug;
		};
		3EB5FC58158790D7001B70E7 /* Release */ = {
			isa = XCBuildConfiguration;
			buildSettings = {
				ALWAYS_SEARCH_USER_PATHS = NO;
				ARCHS = "$(ARCHS_STANDARD_32_BIT)";
				CLANG_ENABLE_OBJC_ARC = YES;
				"CODE_SIGN_IDENTITY[sdk=iphoneos*]" = "iPhone Developer";
				COPY_PHASE_STRIP = YES;
				GCC_C_LANGUAGE_STANDARD = gnu99;
				GCC_VERSION = com.apple.compilers.llvm.clang.1_0;
				GCC_WARN_ABOUT_RETURN_TYPE = YES;
				GCC_WARN_UNINITIALIZED_AUTOS = YES;
				GCC_WARN_UNUSED_VARIABLE = YES;
				IPHONEOS_DEPLOYMENT_TARGET = 5.1;
				OTHER_CFLAGS = "-DNS_BLOCK_ASSERTIONS=1";
				SDKROOT = iphoneos;
				VALIDATE_PRODUCT = YES;
			};
			name = Release;
		};
		3EB5FC5A158790D7001B70E7 /* Debug */ = {
			isa = XCBuildConfiguration;
			buildSettings = {
				GCC_PRECOMPILE_PREFIX_HEADER = YES;
				GCC_PREFIX_HEADER = "Reconnect/Reconnect-Prefix.pch";
				INFOPLIST_FILE = "Reconnect/Reconnect-Info.plist";
				LIBRARY_SEARCH_PATHS = (
					"$(inherited)",
					"\"$(SRCROOT)/facebook-ios-sdk\"",
				);
				PRODUCT_NAME = "$(TARGET_NAME)";
				WRAPPER_EXTENSION = app;
			};
			name = Debug;
		};
		3EB5FC5B158790D7001B70E7 /* Release */ = {
			isa = XCBuildConfiguration;
			buildSettings = {
				GCC_PRECOMPILE_PREFIX_HEADER = YES;
				GCC_PREFIX_HEADER = "Reconnect/Reconnect-Prefix.pch";
				INFOPLIST_FILE = "Reconnect/Reconnect-Info.plist";
				LIBRARY_SEARCH_PATHS = (
					"$(inherited)",
					"\"$(SRCROOT)/facebook-ios-sdk\"",
				);
				PRODUCT_NAME = "$(TARGET_NAME)";
				WRAPPER_EXTENSION = app;
			};
			name = Release;
		};
/* End XCBuildConfiguration section */

/* Begin XCConfigurationList section */
		3EB5FC35158790D7001B70E7 /* Build configuration list for PBXProject "Reconnect" */ = {
			isa = XCConfigurationList;
			buildConfigurations = (
				3EB5FC57158790D7001B70E7 /* Debug */,
				3EB5FC58158790D7001B70E7 /* Release */,
			);
			defaultConfigurationIsVisible = 0;
			defaultConfigurationName = Release;
		};
		3EB5FC59158790D7001B70E7 /* Build configuration list for PBXNativeTarget "Reconnect" */ = {
			isa = XCConfigurationList;
			buildConfigurations = (
				3EB5FC5A158790D7001B70E7 /* Debug */,
				3EB5FC5B158790D7001B70E7 /* Release */,
			);
			defaultConfigurationIsVisible = 0;
			defaultConfigurationName = Release;
		};
/* End XCConfigurationList section */
	};
	rootObject = 3EB5FC32158790D7001B70E7 /* Project object */;
}
